
Microsoft Visual Studio Solution File, Format Version 12.00
# Visual Studio Version 17
VisualStudioVersion = 17.8.34330.188
MinimumVisualStudioVersion = 10.0.40219.1
Project("{9A19103F-16F7-4668-BE54-9A1E7A4F7556}") = "Huppy", "Huppy.csproj", "{C6FD0EEE-2191-4C9F-BCC1-BED81E978A22}"
EndProject
Project("{9A19103F-16F7-4668-BE54-9A1E7A4F7556}") = "Huppy.Desktop", "..\Huppy.Desktop\Huppy.Desktop.csproj", "{0843F46D-F056-4E7F-B9A0-A72055FDA72E}"
EndProject
Project("{9A19103F-16F7-4668-BE54-9A1E7A4F7556}") = "Huppy.Browser", "..\Huppy.Browser\Huppy.Browser.csproj", "{57BCFCC3-F120-49D2-9037-2B6AA978CEB0}"
EndProject
Project("{9A19103F-16F7-4668-BE54-9A1E7A4F7556}") = "Huppy.API", "..\Huppy.API\Huppy.API.csproj", "{BD232DC2-24CF-457A-BFE4-3368BF8D504C}"
EndProject
Project("{9A19103F-16F7-4668-BE54-9A1E7A4F7556}") = "Shared", "..\Shared\Shared.csproj", "{C924D67B-2F7D-4350-8D06-4E22DE8E09A7}"
EndProject
Project("{FAE04EC0-301F-11D3-BF4B-00C04F79EFBC}") = "Test", "..\Test\Test.csproj", "{981436CA-70E6-49ED-93D0-7D2BBA43F217}"
EndProject
Global
	GlobalSection(SolutionConfigurationPlatforms) = preSolution
		Debug|Any CPU = Debug|Any CPU
		Release|Any CPU = Release|Any CPU
	EndGlobalSection
	GlobalSection(ProjectConfigurationPlatforms) = postSolution
		{C6FD0EEE-2191-4C9F-BCC1-BED81E978A22}.Debug|Any CPU.ActiveCfg = Debug|Any CPU
		{C6FD0EEE-2191-4C9F-BCC1-BED81E978A22}.Debug|Any CPU.Build.0 = Debug|Any CPU
		{C6FD0EEE-2191-4C9F-BCC1-BED81E978A22}.Release|Any CPU.ActiveCfg = Release|Any CPU
		{C6FD0EEE-2191-4C9F-BCC1-BED81E978A22}.Release|Any CPU.Build.0 = Release|Any CPU
		{0843F46D-F056-4E7F-B9A0-A72055FDA72E}.Debug|Any CPU.ActiveCfg = Debug|Any CPU
		{0843F46D-F056-4E7F-B9A0-A72055FDA72E}.Debug|Any CPU.Build.0 = Debug|Any CPU
		{0843F46D-F056-4E7F-B9A0-A72055FDA72E}.Release|Any CPU.ActiveCfg = Release|Any CPU
		{0843F46D-F056-4E7F-B9A0-A72055FDA72E}.Release|Any CPU.Build.0 = Release|Any CPU
		{57BCFCC3-F120-49D2-9037-2B6AA978CEB0}.Debug|Any CPU.ActiveCfg = Debug|Any CPU
		{57BCFCC3-F120-49D2-9037-2B6AA978CEB0}.Debug|Any CPU.Build.0 = Debug|Any CPU
		{57BCFCC3-F120-49D2-9037-2B6AA978CEB0}.Release|Any CPU.ActiveCfg = Release|Any CPU
		{57BCFCC3-F120-49D2-9037-2B6AA978CEB0}.Release|Any CPU.Build.0 = Release|Any CPU
		{BD232DC2-24CF-457A-BFE4-3368BF8D504C}.Debug|Any CPU.ActiveCfg = Debug|Any CPU
		{BD232DC2-24CF-457A-BFE4-3368BF8D504C}.Debug|Any CPU.Build.0 = Debug|Any CPU
		{BD232DC2-24CF-457A-BFE4-3368BF8D504C}.Release|Any CPU.ActiveCfg = Release|Any CPU
		{BD232DC2-24CF-457A-BFE4-3368BF8D504C}.Release|Any CPU.Build.0 = Release|Any CPU
		{C924D67B-2F7D-4350-8D06-4E22DE8E09A7}.Debug|Any CPU.ActiveCfg = Debug|Any CPU
		{C924D67B-2F7D-4350-8D06-4E22DE8E09A7}.Debug|Any CPU.Build.0 = Debug|Any CPU
		{C924D67B-2F7D-4350-8D06-4E22DE8E09A7}.Release|Any CPU.ActiveCfg = Release|Any CPU
		{C924D67B-2F7D-4350-8D06-4E22DE8E09A7}.Release|Any CPU.Build.0 = Release|Any CPU
		{981436CA-70E6-49ED-93D0-7D2BBA43F217}.Debug|Any CPU.ActiveCfg = Debug|Any CPU
		{981436CA-70E6-49ED-93D0-7D2BBA43F217}.Debug|Any CPU.Build.0 = Debug|Any CPU
		{981436CA-70E6-49ED-93D0-7D2BBA43F217}.Release|Any CPU.ActiveCfg = Release|Any CPU
		{981436CA-70E6-49ED-93D0-7D2BBA43F217}.Release|Any CPU.Build.0 = Release|Any CPU
	EndGlobalSection
	GlobalSection(SolutionProperties) = preSolution
		HideSolutionNode = FALSE
	EndGlobalSection
	GlobalSection(ExtensibilityGlobals) = postSolution
		SolutionGuid = {B0E0760A-B8AA-4A8B-8BA2-0E17BE3C99DD}
	EndGlobalSection
EndGlobal
